
Microsoft Visual Studio Solution File, Format Version 12.00
# Visual Studio 15
VisualStudioVersion = 15.0.27703.2035
MinimumVisualStudioVersion = 10.0.40219.1
Project("{9A19103F-16F7-4668-BE54-9A1E7A4F7556}") = "ApiRest", "ApiRest\ApiRest.csproj", "{575EB2A6-A648-4B05-A0B3-F984687A5196}"
EndProject
Project("{9A19103F-16F7-4668-BE54-9A1E7A4F7556}") = "MvcArkano", "MvcArkano\MvcArkano.csproj", "{3EA7530C-2120-4DA3-94AF-0E281F888E2C}"
EndProject
Global
	GlobalSection(SolutionConfigurationPlatforms) = preSolution
		Debug|Any CPU = Debug|Any CPU
		Release|Any CPU = Release|Any CPU
	EndGlobalSection
	GlobalSection(ProjectConfigurationPlatforms) = postSolution
		{575EB2A6-A648-4B05-A0B3-F984687A5196}.Debug|Any CPU.ActiveCfg = Debug|Any CPU
		{575EB2A6-A648-4B05-A0B3-F984687A5196}.Debug|Any CPU.Build.0 = Debug|Any CPU
		{575EB2A6-A648-4B05-A0B3-F984687A5196}.Release|Any CPU.ActiveCfg = Release|Any CPU
		{575EB2A6-A648-4B05-A0B3-F984687A5196}.Release|Any CPU.Build.0 = Release|Any CPU
		{3EA7530C-2120-4DA3-94AF-0E281F888E2C}.Debug|Any CPU.ActiveCfg = Debug|Any CPU
		{3EA7530C-2120-4DA3-94AF-0E281F888E2C}.Debug|Any CPU.Build.0 = Debug|Any CPU
		{3EA7530C-2120-4DA3-94AF-0E281F888E2C}.Release|Any CPU.ActiveCfg = Release|Any CPU
		{3EA7530C-2120-4DA3-94AF-0E281F888E2C}.Release|Any CPU.Build.0 = Release|Any CPU
	EndGlobalSection
	GlobalSection(SolutionProperties) = preSolution
		HideSolutionNode = FALSE
	EndGlobalSection
	GlobalSection(ExtensibilityGlobals) = postSolution
		SolutionGuid = {F0F6568F-3A0B-44E1-A5AF-25311C8F1240}
	EndGlobalSection
EndGlobal
